
Microsoft Visual Studio Solution File, Format Version 12.00
# Visual Studio Version 17
VisualStudioVersion = 17.5.33502.453
MinimumVisualStudioVersion = 10.0.40219.1
Project("{FAE04EC0-301F-11D3-BF4B-00C04F79EFBC}") = "ecarrilloRepaso.Android", "ecarrilloRepaso.Android\ecarrilloRepaso.Android.csproj", "{71C4E2BE-3D11-463F-A2BC-1D91490D83BA}"
EndProject
Project("{FAE04EC0-301F-11D3-BF4B-00C04F79EFBC}") = "ecarrilloRepaso.iOS", "ecarrilloRepaso.iOS\ecarrilloRepaso.iOS.csproj", "{55151BF5-70F3-4113-92BE-B6751A93DC7D}"
EndProject
Project("{FAE04EC0-301F-11D3-BF4B-00C04F79EFBC}") = "ecarrilloRepaso", "ecarrilloRepaso\ecarrilloRepaso.csproj", "{F1A14EA5-8149-431E-948A-BE4F668EFAB3}"
EndProject
Global
	GlobalSection(SolutionConfigurationPlatforms) = preSolution
		Debug|Any CPU = Debug|Any CPU
		Debug|iPhone = Debug|iPhone
		Debug|iPhoneSimulator = Debug|iPhoneSimulator
		Release|Any CPU = Release|Any CPU
		Release|iPhone = Release|iPhone
		Release|iPhoneSimulator = Release|iPhoneSimulator
	EndGlobalSection
	GlobalSection(ProjectConfigurationPlatforms) = postSolution
		{71C4E2BE-3D11-463F-A2BC-1D91490D83BA}.Debug|Any CPU.ActiveCfg = Debug|Any CPU
		{71C4E2BE-3D11-463F-A2BC-1D91490D83BA}.Debug|Any CPU.Build.0 = Debug|Any CPU
		{71C4E2BE-3D11-463F-A2BC-1D91490D83BA}.Debug|Any CPU.Deploy.0 = Debug|Any CPU
		{71C4E2BE-3D11-463F-A2BC-1D91490D83BA}.Debug|iPhone.ActiveCfg = Debug|Any CPU
		{71C4E2BE-3D11-463F-A2BC-1D91490D83BA}.Debug|iPhone.Build.0 = Debug|Any CPU
		{71C4E2BE-3D11-463F-A2BC-1D91490D83BA}.Debug|iPhone.Deploy.0 = Debug|Any CPU
		{71C4E2BE-3D11-463F-A2BC-1D91490D83BA}.Debug|iPhoneSimulator.ActiveCfg = Debug|Any CPU
		{71C4E2BE-3D11-463F-A2BC-1D91490D83BA}.Debug|iPhoneSimulator.Build.0 = Debug|Any CPU
		{71C4E2BE-3D11-463F-A2BC-1D91490D83BA}.Debug|iPhoneSimulator.Deploy.0 = Debug|Any CPU
		{71C4E2BE-3D11-463F-A2BC-1D91490D83BA}.Release|Any CPU.ActiveCfg = Release|Any CPU
		{71C4E2BE-3D11-463F-A2BC-1D91490D83BA}.Release|Any CPU.Build.0 = Release|Any CPU
		{71C4E2BE-3D11-463F-A2BC-1D91490D83BA}.Release|Any CPU.Deploy.0 = Release|Any CPU
		{71C4E2BE-3D11-463F-A2BC-1D91490D83BA}.Release|iPhone.ActiveCfg = Release|Any CPU
		{71C4E2BE-3D11-463F-A2BC-1D91490D83BA}.Release|iPhone.Build.0 = Release|Any CPU
		{71C4E2BE-3D11-463F-A2BC-1D91490D83BA}.Release|iPhone.Deploy.0 = Release|Any CPU
		{71C4E2BE-3D11-463F-A2BC-1D91490D83BA}.Release|iPhoneSimulator.ActiveCfg = Release|Any CPU
		{71C4E2BE-3D11-463F-A2BC-1D91490D83BA}.Release|iPhoneSimulator.Build.0 = Release|Any CPU
		{71C4E2BE-3D11-463F-A2BC-1D91490D83BA}.Release|iPhoneSimulator.Deploy.0 = Release|Any CPU
		{55151BF5-70F3-4113-92BE-B6751A93DC7D}.Debug|Any CPU.ActiveCfg = Debug|iPhone
		{55151BF5-70F3-4113-92BE-B6751A93DC7D}.Debug|Any CPU.Build.0 = Debug|iPhone
		{55151BF5-70F3-4113-92BE-B6751A93DC7D}.Debug|Any CPU.Deploy.0 = Debug|iPhone
		{55151BF5-70F3-4113-92BE-B6751A93DC7D}.Debug|iPhone.ActiveCfg = Debug|iPhone
		{55151BF5-70F3-4113-92BE-B6751A93DC7D}.Debug|iPhone.Build.0 = Debug|iPhone
		{55151BF5-70F3-4113-92BE-B6751A93DC7D}.Debug|iPhone.Deploy.0 = Debug|iPhone
		{55151BF5-70F3-4113-92BE-B6751A93DC7D}.Debug|iPhoneSimulator.ActiveCfg = Debug|iPhoneSimulator
		{55151BF5-70F3-4113-92BE-B6751A93DC7D}.Debug|iPhoneSimulator.Build.0 = Debug|iPhoneSimulator
		{55151BF5-70F3-4113-92BE-B6751A93DC7D}.Debug|iPhoneSimulator.Deploy.0 = Debug|iPhoneSimulator
		{55151BF5-70F3-4113-92BE-B6751A93DC7D}.Release|Any CPU.ActiveCfg = Release|iPhoneSimulator
		{55151BF5-70F3-4113-92BE-B6751A93DC7D}.Release|Any CPU.Build.0 = Release|iPhoneSimulator
		{55151BF5-70F3-4113-92BE-B6751A93DC7D}.Release|Any CPU.Deploy.0 = Release|iPhoneSimulator
		{55151BF5-70F3-4113-92BE-B6751A93DC7D}.Release|iPhone.ActiveCfg = Release|iPhone
		{55151BF5-70F3-4113-92BE-B6751A93DC7D}.Release|iPhone.Build.0 = Release|iPhone
		{55151BF5-70F3-4113-92BE-B6751A93DC7D}.Release|iPhone.Deploy.0 = Release|iPhone
		{55151BF5-70F3-4113-92BE-B6751A93DC7D}.Release|iPhoneSimulator.ActiveCfg = Release|iPhoneSimulator
		{55151BF5-70F3-4113-92BE-B6751A93DC7D}.Release|iPhoneSimulator.Build.0 = Release|iPhoneSimulator
		{55151BF5-70F3-4113-92BE-B6751A93DC7D}.Release|iPhoneSimulator.Deploy.0 = Release|iPhoneSimulator
		{F1A14EA5-8149-431E-948A-BE4F668EFAB3}.Debug|Any CPU.ActiveCfg = Debug|Any CPU
		{F1A14EA5-8149-431E-948A-BE4F668EFAB3}.Debug|Any CPU.Build.0 = Debug|Any CPU
		{F1A14EA5-8149-431E-948A-BE4F668EFAB3}.Debug|Any CPU.Deploy.0 = Debug|Any CPU
		{F1A14EA5-8149-431E-948A-BE4F668EFAB3}.Debug|iPhone.ActiveCfg = Debug|Any CPU
		{F1A14EA5-8149-431E-948A-BE4F668EFAB3}.Debug|iPhone.Build.0 = Debug|Any CPU
		{F1A14EA5-8149-431E-948A-BE4F668EFAB3}.Debug|iPhone.Deploy.0 = Debug|Any CPU
		{F1A14EA5-8149-431E-948A-BE4F668EFAB3}.Debug|iPhoneSimulator.ActiveCfg = Debug|Any CPU
		{F1A14EA5-8149-431E-948A-BE4F668EFAB3}.Debug|iPhoneSimulator.Build.0 = Debug|Any CPU
		{F1A14EA5-8149-431E-948A-BE4F668EFAB3}.Debug|iPhoneSimulator.Deploy.0 = Debug|Any CPU
		{F1A14EA5-8149-431E-948A-BE4F668EFAB3}.Release|Any CPU.ActiveCfg = Release|Any CPU
		{F1A14EA5-8149-431E-948A-BE4F668EFAB3}.Release|Any CPU.Build.0 = Release|Any CPU
		{F1A14EA5-8149-431E-948A-BE4F668EFAB3}.Release|Any CPU.Deploy.0 = Release|Any CPU
		{F1A14EA5-8149-431E-948A-BE4F668EFAB3}.Release|iPhone.ActiveCfg = Release|Any CPU
		{F1A14EA5-8149-431E-948A-BE4F668EFAB3}.Release|iPhone.Build.0 = Release|Any CPU
		{F1A14EA5-8149-431E-948A-BE4F668EFAB3}.Release|iPhone.Deploy.0 = Release|Any CPU
		{F1A14EA5-8149-431E-948A-BE4F668EFAB3}.Release|iPhoneSimulator.ActiveCfg = Release|Any CPU
		{F1A14EA5-8149-431E-948A-BE4F668EFAB3}.Release|iPhoneSimulator.Build.0 = Release|Any CPU
		{F1A14EA5-8149-431E-948A-BE4F668EFAB3}.Release|iPhoneSimulator.Deploy.0 = Release|Any CPU
	EndGlobalSection
	GlobalSection(SolutionProperties) = preSolution
		HideSolutionNode = FALSE
	EndGlobalSection
	GlobalSection(ExtensibilityGlobals) = postSolution
		SolutionGuid = {503CC18D-44FF-4C35-90A9-3EBA800FCB1F}
	EndGlobalSection
EndGlobal
